
Microsoft Visual Studio Solution File, Format Version 12.00
# Visual Studio 15
VisualStudioVersion = 15.0.26730.15
MinimumVisualStudioVersion = 10.0.40219.1
Project("{8BC9CEB8-8B4A-11D0-8D11-00A0C91BC942}") = "First", "First\First.vcxproj", "{688C5E92-3F95-49D7-91D6-86735836D6C2}"
	ProjectSection(ProjectDependencies) = postProject
		{CEAE1167-6E36-4CB0-B605-36D1F0EB356F} = {CEAE1167-6E36-4CB0-B605-36D1F0EB356F}
	EndProjectSection
EndProject
Project("{8BC9CEB8-8B4A-11D0-8D11-00A0C91BC942}") = "thread", "thread\thread.vcxproj", "{CEAE1167-6E36-4CB0-B605-36D1F0EB356F}"
EndProject
Project("{8BC9CEB8-8B4A-11D0-8D11-00A0C91BC942}") = "producer-consumer", "producer-consumer\producer-consumer.vcxproj", "{70BC014C-FD0A-4800-BEAC-212DEDCB3B56}"
	ProjectSection(ProjectDependencies) = postProject
		{CEAE1167-6E36-4CB0-B605-36D1F0EB356F} = {CEAE1167-6E36-4CB0-B605-36D1F0EB356F}
	EndProjectSection
EndProject
Project("{8BC9CEB8-8B4A-11D0-8D11-00A0C91BC942}") = "ipc", "ipc\ipc.vcxproj", "{267B1701-C141-4B15-AE1E-441C95A2FDAB}"
EndProject
Global
	GlobalSection(SolutionConfigurationPlatforms) = preSolution
		Debug|ARM = Debug|ARM
		Debug|x64 = Debug|x64
		Debug|x86 = Debug|x86
		Release|ARM = Release|ARM
		Release|x64 = Release|x64
		Release|x86 = Release|x86
	EndGlobalSection
	GlobalSection(ProjectConfigurationPlatforms) = postSolution
		{688C5E92-3F95-49D7-91D6-86735836D6C2}.Debug|ARM.ActiveCfg = Debug|ARM
		{688C5E92-3F95-49D7-91D6-86735836D6C2}.Debug|ARM.Build.0 = Debug|ARM
		{688C5E92-3F95-49D7-91D6-86735836D6C2}.Debug|x64.ActiveCfg = Debug|x64
		{688C5E92-3F95-49D7-91D6-86735836D6C2}.Debug|x64.Build.0 = Debug|x64
		{688C5E92-3F95-49D7-91D6-86735836D6C2}.Debug|x86.ActiveCfg = Debug|x86
		{688C5E92-3F95-49D7-91D6-86735836D6C2}.Debug|x86.Build.0 = Debug|x86
		{688C5E92-3F95-49D7-91D6-86735836D6C2}.Release|ARM.ActiveCfg = Release|ARM
		{688C5E92-3F95-49D7-91D6-86735836D6C2}.Release|ARM.Build.0 = Release|ARM
		{688C5E92-3F95-49D7-91D6-86735836D6C2}.Release|x64.ActiveCfg = Release|x64
		{688C5E92-3F95-49D7-91D6-86735836D6C2}.Release|x64.Build.0 = Release|x64
		{688C5E92-3F95-49D7-91D6-86735836D6C2}.Release|x86.ActiveCfg = Release|x86
		{688C5E92-3F95-49D7-91D6-86735836D6C2}.Release|x86.Build.0 = Release|x86
		{CEAE1167-6E36-4CB0-B605-36D1F0EB356F}.Debug|ARM.ActiveCfg = Debug|ARM
		{CEAE1167-6E36-4CB0-B605-36D1F0EB356F}.Debug|ARM.Build.0 = Debug|ARM
		{CEAE1167-6E36-4CB0-B605-36D1F0EB356F}.Debug|x64.ActiveCfg = Debug|x64
		{CEAE1167-6E36-4CB0-B605-36D1F0EB356F}.Debug|x64.Build.0 = Debug|x64
		{CEAE1167-6E36-4CB0-B605-36D1F0EB356F}.Debug|x86.ActiveCfg = Debug|x86
		{CEAE1167-6E36-4CB0-B605-36D1F0EB356F}.Debug|x86.Build.0 = Debug|x86
		{CEAE1167-6E36-4CB0-B605-36D1F0EB356F}.Release|ARM.ActiveCfg = Release|ARM
		{CEAE1167-6E36-4CB0-B605-36D1F0EB356F}.Release|ARM.Build.0 = Release|ARM
		{CEAE1167-6E36-4CB0-B605-36D1F0EB356F}.Release|x64.ActiveCfg = Release|x64
		{CEAE1167-6E36-4CB0-B605-36D1F0EB356F}.Release|x64.Build.0 = Release|x64
		{CEAE1167-6E36-4CB0-B605-36D1F0EB356F}.Release|x86.ActiveCfg = Release|x86
		{CEAE1167-6E36-4CB0-B605-36D1F0EB356F}.Release|x86.Build.0 = Release|x86
		{70BC014C-FD0A-4800-BEAC-212DEDCB3B56}.Debug|ARM.ActiveCfg = Debug|ARM
		{70BC014C-FD0A-4800-BEAC-212DEDCB3B56}.Debug|ARM.Build.0 = Debug|ARM
		{70BC014C-FD0A-4800-BEAC-212DEDCB3B56}.Debug|x64.ActiveCfg = Debug|x64
		{70BC014C-FD0A-4800-BEAC-212DEDCB3B56}.Debug|x64.Build.0 = Debug|x64
		{70BC014C-FD0A-4800-BEAC-212DEDCB3B56}.Debug|x86.ActiveCfg = Debug|x86
		{70BC014C-FD0A-4800-BEAC-212DEDCB3B56}.Debug|x86.Build.0 = Debug|x86
		{70BC014C-FD0A-4800-BEAC-212DEDCB3B56}.Release|ARM.ActiveCfg = Release|ARM
		{70BC014C-FD0A-4800-BEAC-212DEDCB3B56}.Release|ARM.Build.0 = Release|ARM
		{70BC014C-FD0A-4800-BEAC-212DEDCB3B56}.Release|x64.ActiveCfg = Release|x64
		{70BC014C-FD0A-4800-BEAC-212DEDCB3B56}.Release|x64.Build.0 = Release|x64
		{70BC014C-FD0A-4800-BEAC-212DEDCB3B56}.Release|x86.ActiveCfg = Release|x86
		{70BC014C-FD0A-4800-BEAC-212DEDCB3B56}.Release|x86.Build.0 = Release|x86
		{267B1701-C141-4B15-AE1E-441C95A2FDAB}.Debug|ARM.ActiveCfg = Debug|ARM
		{267B1701-C141-4B15-AE1E-441C95A2FDAB}.Debug|ARM.Build.0 = Debug|ARM
		{267B1701-C141-4B15-AE1E-441C95A2FDAB}.Debug|x64.ActiveCfg = Debug|x64
		{267B1701-C141-4B15-AE1E-441C95A2FDAB}.Debug|x64.Build.0 = Debug|x64
		{267B1701-C141-4B15-AE1E-441C95A2FDAB}.Debug|x86.ActiveCfg = Debug|x86
		{267B1701-C141-4B15-AE1E-441C95A2FDAB}.Debug|x86.Build.0 = Debug|x86
		{267B1701-C141-4B15-AE1E-441C95A2FDAB}.Release|ARM.ActiveCfg = Release|ARM
		{267B1701-C141-4B15-AE1E-441C95A2FDAB}.Release|ARM.Build.0 = Release|ARM
		{267B1701-C141-4B15-AE1E-441C95A2FDAB}.Release|x64.ActiveCfg = Release|x64
		{267B1701-C141-4B15-AE1E-441C95A2FDAB}.Release|x64.Build.0 = Release|x64
		{267B1701-C141-4B15-AE1E-441C95A2FDAB}.Release|x86.ActiveCfg = Release|x86
		{267B1701-C141-4B15-AE1E-441C95A2FDAB}.Release|x86.Build.0 = Release|x86
	EndGlobalSection
	GlobalSection(SolutionProperties) = preSolution
		HideSolutionNode = FALSE
	EndGlobalSection
	GlobalSection(ExtensibilityGlobals) = postSolution
		SolutionGuid = {C3D5EF2D-57EA-47D7-95B2-CBF48725903F}
	EndGlobalSection
EndGlobal
